
Microsoft Visual Studio Solution File, Format Version 12.00
# Visual Studio 2017
Project("{FAE04EC0-301F-11D3-BF4B-00C04F79EFBC}") = "TULingChattingRobot", "TULingChattingRobot.csproj", "{D481A32B-D3FC-5A6E-A6BA-98CAB236B681}"
EndProject
Project("{FAE04EC0-301F-11D3-BF4B-00C04F79EFBC}") = "TULingChattingRobot.Plugins", "TULingChattingRobot.Plugins.csproj", "{0FA7D92C-41E8-0E72-C959-29E7121F2E67}"
EndProject
Project("{FAE04EC0-301F-11D3-BF4B-00C04F79EFBC}") = "TULingChattingRobot.Editor.Plugins", "TULingChattingRobot.Editor.Plugins.csproj", "{4B4CBB10-E2B9-D92C-E7F7-333F85296D66}"
EndProject
Global
	GlobalSection(SolutionConfigurationPlatforms) = preSolution
		Debug|Any CPU = Debug|Any CPU
		Release|Any CPU = Release|Any CPU
	EndGlobalSection
	GlobalSection(ProjectConfigurationPlatforms) = postSolution
		{D481A32B-D3FC-5A6E-A6BA-98CAB236B681}.Debug|Any CPU.ActiveCfg = Debug|Any CPU
		{D481A32B-D3FC-5A6E-A6BA-98CAB236B681}.Debug|Any CPU.Build.0 = Debug|Any CPU
		{D481A32B-D3FC-5A6E-A6BA-98CAB236B681}.Release|Any CPU.ActiveCfg = Release|Any CPU
		{D481A32B-D3FC-5A6E-A6BA-98CAB236B681}.Release|Any CPU.Build.0 = Release|Any CPU
		{0FA7D92C-41E8-0E72-C959-29E7121F2E67}.Debug|Any CPU.ActiveCfg = Debug|Any CPU
		{0FA7D92C-41E8-0E72-C959-29E7121F2E67}.Debug|Any CPU.Build.0 = Debug|Any CPU
		{0FA7D92C-41E8-0E72-C959-29E7121F2E67}.Release|Any CPU.ActiveCfg = Release|Any CPU
		{0FA7D92C-41E8-0E72-C959-29E7121F2E67}.Release|Any CPU.Build.0 = Release|Any CPU
		{4B4CBB10-E2B9-D92C-E7F7-333F85296D66}.Debug|Any CPU.ActiveCfg = Debug|Any CPU
		{4B4CBB10-E2B9-D92C-E7F7-333F85296D66}.Debug|Any CPU.Build.0 = Debug|Any CPU
		{4B4CBB10-E2B9-D92C-E7F7-333F85296D66}.Release|Any CPU.ActiveCfg = Release|Any CPU
		{4B4CBB10-E2B9-D92C-E7F7-333F85296D66}.Release|Any CPU.Build.0 = Release|Any CPU
	EndGlobalSection
	GlobalSection(SolutionProperties) = preSolution
		HideSolutionNode = FALSE
	EndGlobalSection
EndGlobal
